
Microsoft Visual Studio Solution File, Format Version 12.00
# Visual Studio Version 17
VisualStudioVersion = 17.0.32014.148
MinimumVisualStudioVersion = 10.0.40219.1
Project("{FAE04EC0-301F-11D3-BF4B-00C04F79EFBC}") = "MoodAnalyserPrograms", "MoodAnalyserPrograms\MoodAnalyserPrograms.csproj", "{9917F585-CB9A-454E-95CB-14086EC543B5}"
EndProject
Project("{FAE04EC0-301F-11D3-BF4B-00C04F79EFBC}") = "MoodAnalyserTestProject", "..\MoodAnalyserTestProject\MoodAnalyserTestProject.csproj", "{119DFCFD-910C-4341-8909-AAB0F4C7B90F}"
EndProject
Global
	GlobalSection(SolutionConfigurationPlatforms) = preSolution
		Debug|Any CPU = Debug|Any CPU
		Release|Any CPU = Release|Any CPU
	EndGlobalSection
	GlobalSection(ProjectConfigurationPlatforms) = postSolution
		{9917F585-CB9A-454E-95CB-14086EC543B5}.Debug|Any CPU.ActiveCfg = Debug|Any CPU
		{9917F585-CB9A-454E-95CB-14086EC543B5}.Debug|Any CPU.Build.0 = Debug|Any CPU
		{9917F585-CB9A-454E-95CB-14086EC543B5}.Release|Any CPU.ActiveCfg = Release|Any CPU
		{9917F585-CB9A-454E-95CB-14086EC543B5}.Release|Any CPU.Build.0 = Release|Any CPU
		{119DFCFD-910C-4341-8909-AAB0F4C7B90F}.Debug|Any CPU.ActiveCfg = Debug|Any CPU
		{119DFCFD-910C-4341-8909-AAB0F4C7B90F}.Debug|Any CPU.Build.0 = Debug|Any CPU
		{119DFCFD-910C-4341-8909-AAB0F4C7B90F}.Release|Any CPU.ActiveCfg = Release|Any CPU
		{119DFCFD-910C-4341-8909-AAB0F4C7B90F}.Release|Any CPU.Build.0 = Release|Any CPU
	EndGlobalSection
	GlobalSection(SolutionProperties) = preSolution
		HideSolutionNode = FALSE
	EndGlobalSection
	GlobalSection(ExtensibilityGlobals) = postSolution
		SolutionGuid = {53C1BB1F-708A-44B6-8DAC-9E22D7E155A1}
	EndGlobalSection
EndGlobal
